
Microsoft Visual Studio Solution File, Format Version 12.00
# Visual Studio Version 17
VisualStudioVersion = 17.12.35527.113 d17.12
MinimumVisualStudioVersion = 10.0.40219.1
Project("{FAE04EC0-301F-11D3-BF4B-00C04F79EFBC}") = "ejercicio1_soria", "ejercicio1_soria.csproj", "{511A9D9C-36E5-4C3D-BF64-AB169B26211D}"
EndProject
Global
	GlobalSection(SolutionConfigurationPlatforms) = preSolution
		Debug|Any CPU = Debug|Any CPU
		Release|Any CPU = Release|Any CPU
	EndGlobalSection
	GlobalSection(ProjectConfigurationPlatforms) = postSolution
		{511A9D9C-36E5-4C3D-BF64-AB169B26211D}.Debug|Any CPU.ActiveCfg = Debug|Any CPU
		{511A9D9C-36E5-4C3D-BF64-AB169B26211D}.Debug|Any CPU.Build.0 = Debug|Any CPU
		{511A9D9C-36E5-4C3D-BF64-AB169B26211D}.Release|Any CPU.ActiveCfg = Release|Any CPU
		{511A9D9C-36E5-4C3D-BF64-AB169B26211D}.Release|Any CPU.Build.0 = Release|Any CPU
	EndGlobalSection
	GlobalSection(SolutionProperties) = preSolution
		HideSolutionNode = FALSE
	EndGlobalSection
EndGlobal
